<?xml version="1.0" encoding="utf-8"?>
<Project ToolsVersion="4.0" xmlns="http://schemas.microsoft.com/developer/msbuild/2003">
  <ItemGroup>
    <Filter Include="소스 파일">
      <UniqueIdentifier>{4FC737F1-C7A5-4376-A066-2A32D752A2FF}</UniqueIdentifier>
      <Extensions>cpp;c;cc;cxx;c++;cppm;ixx;def;odl;idl;hpj;bat;asm;asmx</Extensions>
    </Filter>
    <Filter Include="헤더 파일">
      <UniqueIdentifier>{93995380-89BD-4b04-88EB-625FBE52EBFB}</UniqueIdentifier>
      <Extensions>h;hh;hpp;hxx;h++;hm;inl;inc;ipp;xsd</Extensions>
    </Filter>
    <Filter Include="리소스 파일">
      <UniqueIdentifier>{67DA6AB6-F800-4c08-8B7A-83BB121AAD01}</UniqueIdentifier>
      <Extensions>rc;ico;cur;bmp;dlg;rc2;rct;bin;rgs;gif;jpg;jpeg;jpe;resx;tiff;tif;png;wav;mfcribbon-ms</Extensions>
    </Filter>
    <Filter Include="소스 파일\Game">
      <UniqueIdentifier>{b34bea52-fd0f-44ca-a48c-77e96a876198}</UniqueIdentifier>
    </Filter>
    <Filter Include="소스 파일\Obj">
      <UniqueIdentifier>{b9f9eeb3-e318-433c-b0da-dab7d735c85d}</UniqueIdentifier>
    </Filter>
    <Filter Include="소스 파일\Obj\Character">
      <UniqueIdentifier>{b093adfb-6e54-4671-98c5-de1734cbe903}</UniqueIdentifier>
    </Filter>
    <Filter Include="소스 파일\Skill">
      <UniqueIdentifier>{80e111e9-de0e-46f6-b109-d8618adff703}</UniqueIdentifier>
    </Filter>
    <Filter Include="소스 파일\Map">
      <UniqueIdentifier>{fab493a7-5549-4c40-bfb0-e5fcc8fd6ea8}</UniqueIdentifier>
    </Filter>
    <Filter Include="소스 파일\Obj\Item">
      <UniqueIdentifier>{a7975e10-027e-4cfa-b4f6-f1d452bb0bd6}</UniqueIdentifier>
    </Filter>
    <Filter Include="소스 파일\Store">
      <UniqueIdentifier>{44e1ef83-8c60-4af7-93bf-24314b133416}</UniqueIdentifier>
    </Filter>
    <Filter Include="소스 파일\Inventory">
      <UniqueIdentifier>{e54471b2-a865-48fd-aaea-dc5b462abfa4}</UniqueIdentifier>
    </Filter>
    <Filter Include="소스 파일\Incubator">
      <UniqueIdentifier>{76cea9d7-95fd-4df4-b8fc-01e13ca774df}</UniqueIdentifier>
    </Filter>
    <Filter Include="소스 파일\FileManager">
      <UniqueIdentifier>{0ec05a17-20a5-4204-818f-1f939d1e892d}</UniqueIdentifier>
    </Filter>
  </ItemGroup>
  <ItemGroup>
    <ClCompile Include="DigimonMasters.cpp">
      <Filter>소스 파일</Filter>
    </ClCompile>
    <ClCompile Include="pch.cpp">
      <Filter>소스 파일</Filter>
    </ClCompile>
    <ClCompile Include="CGame.cpp">
      <Filter>소스 파일\Game</Filter>
    </ClCompile>
    <ClCompile Include="CObj.cpp">
      <Filter>소스 파일\Obj</Filter>
    </ClCompile>
    <ClCompile Include="ObjectManager.cpp">
      <Filter>소스 파일\Obj</Filter>
    </ClCompile>
    <ClCompile Include="CCharacter.cpp">
      <Filter>소스 파일\Obj\Character</Filter>
    </ClCompile>
    <ClCompile Include="SkillManager.cpp">
      <Filter>소스 파일\Skill</Filter>
    </ClCompile>
    <ClCompile Include="Skill.cpp">
      <Filter>소스 파일\Skill</Filter>
    </ClCompile>
    <ClCompile Include="CPlayer.cpp">
      <Filter>소스 파일\Obj\Character</Filter>
    </ClCompile>
    <ClCompile Include="MapManager.cpp">
      <Filter>소스 파일\Map</Filter>
    </ClCompile>
    <ClCompile Include="Map.cpp">
      <Filter>소스 파일\Map</Filter>
    </ClCompile>
    <ClCompile Include="MapDart.cpp">
      <Filter>소스 파일\Map</Filter>
    </ClCompile>
    <ClCompile Include="CDigimon.cpp">
      <Filter>소스 파일\Obj\Character</Filter>
    </ClCompile>
    <ClCompile Include="MapWest.cpp">
      <Filter>소스 파일\Map</Filter>
    </ClCompile>
    <ClCompile Include="MapStart.cpp">
      <Filter>소스 파일\Map</Filter>
    </ClCompile>
    <ClCompile Include="MapSnow.cpp">
      <Filter>소스 파일\Map</Filter>
    </ClCompile>
    <ClCompile Include="Item.cpp">
      <Filter>소스 파일\Obj\Item</Filter>
    </ClCompile>
    <ClCompile Include="ItemEquip.cpp">
      <Filter>소스 파일\Obj\Item</Filter>
    </ClCompile>
    <ClCompile Include="StoreManager.cpp">
      <Filter>소스 파일\Store</Filter>
    </ClCompile>
    <ClCompile Include="Store.cpp">
      <Filter>소스 파일\Store</Filter>
    </ClCompile>
    <ClCompile Include="StoreEquip.cpp">
      <Filter>소스 파일\Store</Filter>
    </ClCompile>
    <ClCompile Include="StoreEgg.cpp">
      <Filter>소스 파일\Store</Filter>
    </ClCompile>
    <ClCompile Include="ItemEgg.cpp">
      <Filter>소스 파일\Obj\Item</Filter>
    </ClCompile>
    <ClCompile Include="ItemGeneric.cpp">
      <Filter>소스 파일\Obj\Item</Filter>
    </ClCompile>
    <ClCompile Include="StoreGeneric.cpp">
      <Filter>소스 파일\Store</Filter>
    </ClCompile>
    <ClCompile Include="Inventory.cpp">
      <Filter>소스 파일\Inventory</Filter>
    </ClCompile>
    <ClCompile Include="CEnemyDigimon.cpp">
      <Filter>소스 파일\Obj\Character</Filter>
    </ClCompile>
    <ClCompile Include="Incubator.cpp">
      <Filter>소스 파일\Incubator</Filter>
    </ClCompile>
    <ClCompile Include="FileStream.cpp">
      <Filter>소스 파일\FileManager</Filter>
    </ClCompile>
  </ItemGroup>
  <ItemGroup>
    <ClInclude Include="pch.h">
      <Filter>헤더 파일</Filter>
    </ClInclude>
    <ClInclude Include="define.h">
      <Filter>헤더 파일</Filter>
    </ClInclude>
    <ClInclude Include="CGame.h">
      <Filter>소스 파일\Game</Filter>
    </ClInclude>
    <ClInclude Include="flags.h">
      <Filter>헤더 파일</Filter>
    </ClInclude>
    <ClInclude Include="CObj.h">
      <Filter>소스 파일\Obj</Filter>
    </ClInclude>
    <ClInclude Include="ObjectManager.h">
      <Filter>소스 파일\Obj</Filter>
    </ClInclude>
    <ClInclude Include="CCharacter.h">
      <Filter>소스 파일\Obj\Character</Filter>
    </ClInclude>
    <ClInclude Include="SkillManager.h">
      <Filter>소스 파일\Skill</Filter>
    </ClInclude>
    <ClInclude Include="Skill.h">
      <Filter>소스 파일\Skill</Filter>
    </ClInclude>
    <ClInclude Include="CPlayer.h">
      <Filter>소스 파일\Obj\Character</Filter>
    </ClInclude>
    <ClInclude Include="Map.h">
      <Filter>소스 파일\Map</Filter>
    </ClInclude>
    <ClInclude Include="MapManager.h">
      <Filter>소스 파일\Map</Filter>
    </ClInclude>
    <ClInclude Include="MapDart.h">
      <Filter>소스 파일\Map</Filter>
    </ClInclude>
    <ClInclude Include="CDigimon.h">
      <Filter>소스 파일\Obj\Character</Filter>
    </ClInclude>
    <ClInclude Include="MapWest.h">
      <Filter>소스 파일\Map</Filter>
    </ClInclude>
    <ClInclude Include="MapStart.h">
      <Filter>소스 파일\Map</Filter>
    </ClInclude>
    <ClInclude Include="MapSnow.h">
      <Filter>소스 파일\Map</Filter>
    </ClInclude>
    <ClInclude Include="Item.h">
      <Filter>소스 파일\Obj\Item</Filter>
    </ClInclude>
    <ClInclude Include="ItemEquip.h">
      <Filter>소스 파일\Obj\Item</Filter>
    </ClInclude>
    <ClInclude Include="StoreManager.h">
      <Filter>소스 파일\Store</Filter>
    </ClInclude>
    <ClInclude Include="Store.h">
      <Filter>소스 파일\Store</Filter>
    </ClInclude>
    <ClInclude Include="StoreEquip.h">
      <Filter>소스 파일\Store</Filter>
    </ClInclude>
    <ClInclude Include="ItemEgg.h">
      <Filter>소스 파일\Obj\Item</Filter>
    </ClInclude>
    <ClInclude Include="ItemGeneric.h">
      <Filter>소스 파일\Obj\Item</Filter>
    </ClInclude>
    <ClInclude Include="StoreEgg.h">
      <Filter>소스 파일\Store</Filter>
    </ClInclude>
    <ClInclude Include="StoreGeneric.h">
      <Filter>소스 파일\Store</Filter>
    </ClInclude>
    <ClInclude Include="Inventory.h">
      <Filter>소스 파일\Inventory</Filter>
    </ClInclude>
    <ClInclude Include="CEnemyDigimon.h">
      <Filter>소스 파일\Obj\Character</Filter>
    </ClInclude>
    <ClInclude Include="Incubator.h">
      <Filter>소스 파일\Incubator</Filter>
    </ClInclude>
    <ClInclude Include="FileStream.h">
      <Filter>소스 파일\FileManager</Filter>
    </ClInclude>
  </ItemGroup>
</Project>